// !$*UTF8*$!
{
	archiveVersion = 1;
	classes = {
	};
	objectVersion = 50;
	objects = {

/* Begin PBXBuildFile section */
		3F072C4F245EFE8C00E9A74D /* AppDelegate.swift in Sources */ = {isa = PBXBuildFile; fileRef = 3F072C4E245EFE8C00E9A74D /* AppDelegate.swift */; };
		3F072C51245EFE8C00E9A74D /* ContentView.swift in Sources */ = {isa = PBXBuildFile; fileRef = 3F072C50245EFE8C00E9A74D /* ContentView.swift */; };
		3F072C53245EFE9000E9A74D /* Assets.xcassets in Resources */ = {isa = PBXBuildFile; fileRef = 3F072C52245EFE9000E9A74D /* Assets.xcassets */; };
		3F072C56245EFE9000E9A74D /* Preview Assets.xcassets in Resources */ = {isa = PBXBuildFile; fileRef = 3F072C55245EFE9000E9A74D /* Preview Assets.xcassets */; };
		3F072C59245EFE9000E9A74D /* Main.storyboard in Resources */ = {isa = PBXBuildFile; fileRef = 3F072C57245EFE9000E9A74D /* Main.storyboard */; };
		3F072C65245EFE9000E9A74D /* DownloadSwiftlyTests.swift in Sources */ = {isa = PBXBuildFile; fileRef = 3F072C64245EFE9000E9A74D /* DownloadSwiftlyTests.swift */; };
		3F072C70245EFE9000E9A74D /* DownloadSwiftlyUITests.swift in Sources */ = {isa = PBXBuildFile; fileRef = 3F072C6F245EFE9000E9A74D /* DownloadSwiftlyUITests.swift */; };
		3F97CE3224764D0600331196 /* UserData.swift in Sources */ = {isa = PBXBuildFile; fileRef = 3F97CE3124764D0600331196 /* UserData.swift */; };
		3F97CE362476514400331196 /* Download.swift in Sources */ = {isa = PBXBuildFile; fileRef = 3F97CE352476514400331196 /* Download.swift */; };
		3F97CE382476527100331196 /* Data.swift in Sources */ = {isa = PBXBuildFile; fileRef = 3F97CE372476527100331196 /* Data.swift */; };
		3F97CE3A247656AC00331196 /* DownloadRow.swift in Sources */ = {isa = PBXBuildFile; fileRef = 3F97CE39247656AC00331196 /* DownloadRow.swift */; };
/* End PBXBuildFile section */

/* Begin PBXContainerItemProxy section */
		3F072C61245EFE9000E9A74D /* PBXContainerItemProxy */ = {
			isa = PBXContainerItemProxy;
			containerPortal = 3F072C43245EFE8C00E9A74D /* Project object */;
			proxyType = 1;
			remoteGlobalIDString = 3F072C4A245EFE8C00E9A74D;
			remoteInfo = DownloadSwiftly;
		};
		3F072C6C245EFE9000E9A74D /* PBXContainerItemProxy */ = {
			isa = PBXContainerItemProxy;
			containerPortal = 3F072C43245EFE8C00E9A74D /* Project object */;
			proxyType = 1;
			remoteGlobalIDString = 3F072C4A245EFE8C00E9A74D;
			remoteInfo = DownloadSwiftly;
		};
/* End PBXContainerItemProxy section */

/* Begin PBXFileReference section */
		3F072C4B245EFE8C00E9A74D /* DownloadSwiftly.app */ = {isa = PBXFileReference; explicitFileType = wrapper.application; includeInIndex = 0; path = DownloadSwiftly.app; sourceTree = BUILT_PRODUCTS_DIR; };
		3F072C4E245EFE8C00E9A74D /* AppDelegate.swift */ = {isa = PBXFileReference; lastKnownFileType = sourcecode.swift; path = AppDelegate.swift; sourceTree = "<group>"; };
		3F072C50245EFE8C00E9A74D /* ContentView.swift */ = {isa = PBXFileReference; lastKnownFileType = sourcecode.swift; path = ContentView.swift; sourceTree = "<group>"; };
		3F072C52245EFE9000E9A74D /* Assets.xcassets */ = {isa = PBXFileReference; lastKnownFileType = folder.assetcatalog; path = Assets.xcassets; sourceTree = "<group>"; };
		3F072C55245EFE9000E9A74D /* Preview Assets.xcassets */ = {isa = PBXFileReference; lastKnownFileType = folder.assetcatalog; path = "Preview Assets.xcassets"; sourceTree = "<group>"; };
		3F072C58245EFE9000E9A74D /* Base */ = {isa = PBXFileReference; lastKnownFileType = file.storyboard; name = Base; path = Base.lproj/Main.storyboard; sourceTree = "<group>"; };
		3F072C5A245EFE9000E9A74D /* Info.plist */ = {isa = PBXFileReference; lastKnownFileType = text.plist.xml; path = Info.plist; sourceTree = "<group>"; };
		3F072C5B245EFE9000E9A74D /* DownloadSwiftly.entitlements */ = {isa = PBXFileReference; lastKnownFileType = text.plist.entitlements; path = DownloadSwiftly.entitlements; sourceTree = "<group>"; };
		3F072C60245EFE9000E9A74D /* DownloadSwiftlyTests.xctest */ = {isa = PBXFileReference; explicitFileType = wrapper.cfbundle; includeInIndex = 0; path = DownloadSwiftlyTests.xctest; sourceTree = BUILT_PRODUCTS_DIR; };
		3F072C64245EFE9000E9A74D /* DownloadSwiftlyTests.swift */ = {isa = PBXFileReference; lastKnownFileType = sourcecode.swift; path = DownloadSwiftlyTests.swift; sourceTree = "<group>"; };
		3F072C66245EFE9000E9A74D /* Info.plist */ = {isa = PBXFileReference; lastKnownFileType = text.plist.xml; path = Info.plist; sourceTree = "<group>"; };
		3F072C6B245EFE9000E9A74D /* DownloadSwiftlyUITests.xctest */ = {isa = PBXFileReference; explicitFileType = wrapper.cfbundle; includeInIndex = 0; path = DownloadSwiftlyUITests.xctest; sourceTree = BUILT_PRODUCTS_DIR; };
		3F072C6F245EFE9000E9A74D /* DownloadSwiftlyUITests.swift */ = {isa = PBXFileReference; lastKnownFileType = sourcecode.swift; path = DownloadSwiftlyUITests.swift; sourceTree = "<group>"; };
		3F072C71245EFE9000E9A74D /* Info.plist */ = {isa = PBXFileReference; lastKnownFileType = text.plist.xml; path = Info.plist; sourceTree = "<group>"; };
		3F97CE3124764D0600331196 /* UserData.swift */ = {isa = PBXFileReference; lastKnownFileType = sourcecode.swift; path = UserData.swift; sourceTree = "<group>"; };
		3F97CE352476514400331196 /* Download.swift */ = {isa = PBXFileReference; lastKnownFileType = sourcecode.swift; path = Download.swift; sourceTree = "<group>"; };
		3F97CE372476527100331196 /* Data.swift */ = {isa = PBXFileReference; lastKnownFileType = sourcecode.swift; path = Data.swift; sourceTree = "<group>"; };
		3F97CE39247656AC00331196 /* DownloadRow.swift */ = {isa = PBXFileReference; lastKnownFileType = sourcecode.swift; path = DownloadRow.swift; sourceTree = "<group>"; };
/* End PBXFileReference section */

/* Begin PBXFrameworksBuildPhase section */
		3F072C48245EFE8C00E9A74D /* Frameworks */ = {
			isa = PBXFrameworksBuildPhase;
			buildActionMask = 2147483647;
			files = (
			);
			runOnlyForDeploymentPostprocessing = 0;
		};
		3F072C5D245EFE9000E9A74D /* Frameworks */ = {
			isa = PBXFrameworksBuildPhase;
			buildActionMask = 2147483647;
			files = (
			);
			runOnlyForDeploymentPostprocessing = 0;
		};
		3F072C68245EFE9000E9A74D /* Frameworks */ = {
			isa = PBXFrameworksBuildPhase;
			buildActionMask = 2147483647;
			files = (
			);
			runOnlyForDeploymentPostprocessing = 0;
		};
/* End PBXFrameworksBuildPhase section */

/* Begin PBXGroup section */
		3F072C42245EFE8C00E9A74D = {
			isa = PBXGroup;
			children = (
				3F072C4D245EFE8C00E9A74D /* DownloadSwiftly */,
				3F072C63245EFE9000E9A74D /* DownloadSwiftlyTests */,
				3F072C6E245EFE9000E9A74D /* DownloadSwiftlyUITests */,
				3F072C4C245EFE8C00E9A74D /* Products */,
			);
			sourceTree = "<group>";
		};
		3F072C4C245EFE8C00E9A74D /* Products */ = {
			isa = PBXGroup;
			children = (
				3F072C4B245EFE8C00E9A74D /* DownloadSwiftly.app */,
				3F072C60245EFE9000E9A74D /* DownloadSwiftlyTests.xctest */,
				3F072C6B245EFE9000E9A74D /* DownloadSwiftlyUITests.xctest */,
			);
			name = Products;
			sourceTree = "<group>";
		};
		3F072C4D245EFE8C00E9A74D /* DownloadSwiftly */ = {
			isa = PBXGroup;
			children = (
				3F97CE342476512000331196 /* Models */,
				3F072C4E245EFE8C00E9A74D /* AppDelegate.swift */,
				3F072C50245EFE8C00E9A74D /* ContentView.swift */,
				3F97CE39247656AC00331196 /* DownloadRow.swift */,
				3F97CE3124764D0600331196 /* UserData.swift */,
				3F072C52245EFE9000E9A74D /* Assets.xcassets */,
				3F072C57245EFE9000E9A74D /* Main.storyboard */,
				3F072C5A245EFE9000E9A74D /* Info.plist */,
				3F072C5B245EFE9000E9A74D /* DownloadSwiftly.entitlements */,
				3F072C54245EFE9000E9A74D /* Preview Content */,
			);
			path = DownloadSwiftly;
			sourceTree = "<group>";
		};
		3F072C54245EFE9000E9A74D /* Preview Content */ = {
			isa = PBXGroup;
			children = (
				3F072C55245EFE9000E9A74D /* Preview Assets.xcassets */,
			);
			path = "Preview Content";
			sourceTree = "<group>";
		};
		3F072C63245EFE9000E9A74D /* DownloadSwiftlyTests */ = {
			isa = PBXGroup;
			children = (
				3F072C64245EFE9000E9A74D /* DownloadSwiftlyTests.swift */,
				3F072C66245EFE9000E9A74D /* Info.plist */,
			);
			path = DownloadSwiftlyTests;
			sourceTree = "<group>";
		};
		3F072C6E245EFE9000E9A74D /* DownloadSwiftlyUITests */ = {
			isa = PBXGroup;
			children = (
				3F072C6F245EFE9000E9A74D /* DownloadSwiftlyUITests.swift */,
				3F072C71245EFE9000E9A74D /* Info.plist */,
			);
			path = DownloadSwiftlyUITests;
			sourceTree = "<group>";
		};
		3F97CE342476512000331196 /* Models */ = {
			isa = PBXGroup;
			children = (
				3F97CE352476514400331196 /* Download.swift */,
				3F97CE372476527100331196 /* Data.swift */,
			);
			path = Models;
			sourceTree = "<group>";
		};
/* End PBXGroup section */

/* Begin PBXNativeTarget section */
		3F072C4A245EFE8C00E9A74D /* DownloadSwiftly */ = {
			isa = PBXNativeTarget;
			buildConfigurationList = 3F072C74245EFE9000E9A74D /* Build configuration list for PBXNativeTarget "DownloadSwiftly" */;
			buildPhases = (
				3F072C47245EFE8C00E9A74D /* Sources */,
				3F072C48245EFE8C00E9A74D /* Frameworks */,
				3F072C49245EFE8C00E9A74D /* Resources */,
			);
			buildRules = (
			);
			dependencies = (
			);
			name = DownloadSwiftly;
			productName = DownloadSwiftly;
			productReference = 3F072C4B245EFE8C00E9A74D /* DownloadSwiftly.app */;
			productType = "com.apple.product-type.application";
		};
		3F072C5F245EFE9000E9A74D /* DownloadSwiftlyTests */ = {
			isa = PBXNativeTarget;
			buildConfigurationList = 3F072C77245EFE9000E9A74D /* Build configuration list for PBXNativeTarget "DownloadSwiftlyTests" */;
			buildPhases = (
				3F072C5C245EFE9000E9A74D /* Sources */,
				3F072C5D245EFE9000E9A74D /* Frameworks */,
				3F072C5E245EFE9000E9A74D /* Resources */,
			);
			buildRules = (
			);
			dependencies = (
				3F072C62245EFE9000E9A74D /* PBXTargetDependency */,
			);
			name = DownloadSwiftlyTests;
			productName = DownloadSwiftlyTests;
			productReference = 3F072C60245EFE9000E9A74D /* DownloadSwiftlyTests.xctest */;
			productType = "com.apple.product-type.bundle.unit-test";
		};
		3F072C6A245EFE9000E9A74D /* DownloadSwiftlyUITests */ = {
			isa = PBXNativeTarget;
			buildConfigurationList = 3F072C7A245EFE9000E9A74D /* Build configuration list for PBXNativeTarget "DownloadSwiftlyUITests" */;
			buildPhases = (
				3F072C67245EFE9000E9A74D /* Sources */,
				3F072C68245EFE9000E9A74D /* Frameworks */,
				3F072C69245EFE9000E9A74D /* Resources */,
			);
			buildRules = (
			);
			dependencies = (
				3F072C6D245EFE9000E9A74D /* PBXTargetDependency */,
			);
			name = DownloadSwiftlyUITests;
			productName = DownloadSwiftlyUITests;
			productReference = 3F072C6B245EFE9000E9A74D /* DownloadSwiftlyUITests.xctest */;
			productType = "com.apple.product-type.bundle.ui-testing";
		};
/* End PBXNativeTarget section */

/* Begin PBXProject section */
		3F072C43245EFE8C00E9A74D /* Project object */ = {
			isa = PBXProject;
			attributes = {
				LastSwiftUpdateCheck = 1140;
				LastUpgradeCheck = 1140;
				ORGANIZATIONNAME = rb;
				TargetAttributes = {
					3F072C4A245EFE8C00E9A74D = {
						CreatedOnToolsVersion = 11.4.1;
					};
					3F072C5F245EFE9000E9A74D = {
						CreatedOnToolsVersion = 11.4.1;
						TestTargetID = 3F072C4A245EFE8C00E9A74D;
					};
					3F072C6A245EFE9000E9A74D = {
						CreatedOnToolsVersion = 11.4.1;
						TestTargetID = 3F072C4A245EFE8C00E9A74D;
					};
				};
			};
			buildConfigurationList = 3F072C46245EFE8C00E9A74D /* Build configuration list for PBXProject "DownloadSwiftly" */;
			compatibilityVersion = "Xcode 9.3";
			developmentRegion = en;
			hasScannedForEncodings = 0;
			knownRegions = (
				en,
				Base,
			);
			mainGroup = 3F072C42245EFE8C00E9A74D;
			productRefGroup = 3F072C4C245EFE8C00E9A74D /* Products */;
			projectDirPath = "";
			projectRoot = "";
			targets = (
				3F072C4A245EFE8C00E9A74D /* DownloadSwiftly */,
				3F072C5F245EFE9000E9A74D /* DownloadSwiftlyTests */,
				3F072C6A245EFE9000E9A74D /* DownloadSwiftlyUITests */,
			);
		};
/* End PBXProject section */

/* Begin PBXResourcesBuildPhase section */
		3F072C49245EFE8C00E9A74D /* Resources */ = {
			isa = PBXResourcesBuildPhase;
			buildActionMask = 2147483647;
			files = (
				3F072C59245EFE9000E9A74D /* Main.storyboard in Resources */,
				3F072C56245EFE9000E9A74D /* Preview Assets.xcassets in Resources */,
				3F072C53245EFE9000E9A74D /* Assets.xcassets in Resources */,
			);
			runOnlyForDeploymentPostprocessing = 0;
		};
		3F072C5E245EFE9000E9A74D /* Resources */ = {
			isa = PBXResourcesBuildPhase;
			buildActionMask = 2147483647;
			files = (
			);
			runOnlyForDeploymentPostprocessing = 0;
		};
		3F072C69245EFE9000E9A74D /* Resources */ = {
			isa = PBXResourcesBuildPhase;
			buildActionMask = 2147483647;
			files = (
			);
			runOnlyForDeploymentPostprocessing = 0;
		};
/* End PBXResourcesBuildPhase section */

/* Begin PBXSourcesBuildPhase section */
		3F072C47245EFE8C00E9A74D /* Sources */ = {
			isa = PBXSourcesBuildPhase;
			buildActionMask = 2147483647;
			files = (
				3F97CE382476527100331196 /* Data.swift in Sources */,
				3F072C51245EFE8C00E9A74D /* ContentView.swift in Sources */,
				3F072C4F245EFE8C00E9A74D /* AppDelegate.swift in Sources */,
				3F97CE3A247656AC00331196 /* DownloadRow.swift in Sources */,
				3F97CE362476514400331196 /* Download.swift in Sources */,
				3F97CE3224764D0600331196 /* UserData.swift in Sources */,
			);
			runOnlyForDeploymentPostprocessing = 0;
		};
		3F072C5C245EFE9000E9A74D /* Sources */ = {
			isa = PBXSourcesBuildPhase;
			buildActionMask = 2147483647;
			files = (
				3F072C65245EFE9000E9A74D /* DownloadSwiftlyTests.swift in Sources */,
			);
			runOnlyForDeploymentPostprocessing = 0;
		};
		3F072C67245EFE9000E9A74D /* Sources */ = {
			isa = PBXSourcesBuildPhase;
			buildActionMask = 2147483647;
			files = (
				3F072C70245EFE9000E9A74D /* DownloadSwiftlyUITests.swift in Sources */,
			);
			runOnlyForDeploymentPostprocessing = 0;
		};
/* End PBXSourcesBuildPhase section */

/* Begin PBXTargetDependency section */
		3F072C62245EFE9000E9A74D /* PBXTargetDependency */ = {
			isa = PBXTargetDependency;
			target = 3F072C4A245EFE8C00E9A74D /* DownloadSwiftly */;
			targetProxy = 3F072C61245EFE9000E9A74D /* PBXContainerItemProxy */;
		};
		3F072C6D245EFE9000E9A74D /* PBXTargetDependency */ = {
			isa = PBXTargetDependency;
			target = 3F072C4A245EFE8C00E9A74D /* DownloadSwiftly */;
			targetProxy = 3F072C6C245EFE9000E9A74D /* PBXContainerItemProxy */;
		};
/* End PBXTargetDependency section */

/* Begin PBXVariantGroup section */
		3F072C57245EFE9000E9A74D /* Main.storyboard */ = {
			isa = PBXVariantGroup;
			children = (
				3F072C58245EFE9000E9A74D /* Base */,
			);
			name = Main.storyboard;
			sourceTree = "<group>";
		};
/* End PBXVariantGroup section */

/* Begin XCBuildConfiguration section */
		3F072C72245EFE9000E9A74D /* Debug */ = {
			isa = XCBuildConfiguration;
			buildSettings = {
				ALWAYS_SEARCH_USER_PATHS = NO;
				CLANG_ANALYZER_NONNULL = YES;
				CLANG_ANALYZER_NUMBER_OBJECT_CONVERSION = YES_AGGRESSIVE;
				CLANG_CXX_LANGUAGE_STANDARD = "gnu++14";
				CLANG_CXX_LIBRARY = "libc++";
				CLANG_ENABLE_MODULES = YES;
				CLANG_ENABLE_OBJC_ARC = YES;
				CLANG_ENABLE_OBJC_WEAK = YES;
				CLANG_WARN_BLOCK_CAPTURE_AUTORELEASING = YES;
				CLANG_WARN_BOOL_CONVERSION = YES;
				CLANG_WARN_COMMA = YES;
				CLANG_WARN_CONSTANT_CONVERSION = YES;
				CLANG_WARN_DEPRECATED_OBJC_IMPLEMENTATIONS = YES;
				CLANG_WARN_DIRECT_OBJC_ISA_USAGE = YES_ERROR;
				CLANG_WARN_DOCUMENTATION_COMMENTS = YES;
				CLANG_WARN_EMPTY_BODY = YES;
				CLANG_WARN_ENUM_CONVERSION = YES;
				CLANG_WARN_INFINITE_RECURSION = YES;
				CLANG_WARN_INT_CONVERSION = YES;
				CLANG_WARN_NON_LITERAL_NULL_CONVERSION = YES;
				CLANG_WARN_OBJC_IMPLICIT_RETAIN_SELF = YES;
				CLANG_WARN_OBJC_LITERAL_CONVERSION = YES;
				CLANG_WARN_OBJC_ROOT_CLASS = YES_ERROR;
				CLANG_WARN_RANGE_LOOP_ANALYSIS = YES;
				CLANG_WARN_STRICT_PROTOTYPES = YES;
				CLANG_WARN_SUSPICIOUS_MOVE = YES;
				CLANG_WARN_UNGUARDED_AVAILABILITY = YES_AGGRESSIVE;
				CLANG_WARN_UNREACHABLE_CODE = YES;
				CLANG_WARN__DUPLICATE_METHOD_MATCH = YES;
				COPY_PHASE_STRIP = NO;
				DEBUG_INFORMATION_FORMAT = dwarf;
				ENABLE_STRICT_OBJC_MSGSEND = YES;
				ENABLE_TESTABILITY = YES;
				GCC_C_LANGUAGE_STANDARD = gnu11;
				GCC_DYNAMIC_NO_PIC = NO;
				GCC_NO_COMMON_BLOCKS = YES;
				GCC_OPTIMIZATION_LEVEL = 0;
				GCC_PREPROCESSOR_DEFINITIONS = (
					"DEBUG=1",
					"$(inherited)",
				);
				GCC_WARN_64_TO_32_BIT_CONVERSION = YES;
				GCC_WARN_ABOUT_RETURN_TYPE = YES_ERROR;
				GCC_WARN_UNDECLARED_SELECTOR = YES;
				GCC_WARN_UNINITIALIZED_AUTOS = YES_AGGRESSIVE;
				GCC_WARN_UNUSED_FUNCTION = YES;
				GCC_WARN_UNUSED_VARIABLE = YES;
				MACOSX_DEPLOYMENT_TARGET = 10.15;
				MTL_ENABLE_DEBUG_INFO = INCLUDE_SOURCE;
				MTL_FAST_MATH = YES;
				ONLY_ACTIVE_ARCH = YES;
				SDKROOT = macosx;
				SWIFT_ACTIVE_COMPILATION_CONDITIONS = DEBUG;
				SWIFT_OPTIMIZATION_LEVEL = "-Onone";
			};
			name = Debug;
		};
		3F072C73245EFE9000E9A74D /* Release */ = {
			isa = XCBuildConfiguration;
			buildSettings = {
				ALWAYS_SEARCH_USER_PATHS = NO;
				CLANG_ANALYZER_NONNULL = YES;
				CLANG_ANALYZER_NUMBER_OBJECT_CONVERSION = YES_AGGRESSIVE;
				CLANG_CXX_LANGUAGE_STANDARD = "gnu++14";
				CLANG_CXX_LIBRARY = "libc++";
				CLANG_ENABLE_MODULES = YES;
				CLANG_ENABLE_OBJC_ARC = YES;
				CLANG_ENABLE_OBJC_WEAK = YES;
				CLANG_WARN_BLOCK_CAPTURE_AUTORELEASING = YES;
				CLANG_WARN_BOOL_CONVERSION = YES;
				CLANG_WARN_COMMA = YES;
				CLANG_WARN_CONSTANT_CONVERSION = YES;
				CLANG_WARN_DEPRECATED_OBJC_IMPLEMENTATIONS = YES;
				CLANG_WARN_DIRECT_OBJC_ISA_USAGE = YES_ERROR;
				CLANG_WARN_DOCUMENTATION_COMMENTS = YES;
				CLANG_WARN_EMPTY_BODY = YES;
				CLANG_WARN_ENUM_CONVERSION = YES;
				CLANG_WARN_INFINITE_RECURSION = YES;
				CLANG_WARN_INT_CONVERSION = YES;
				CLANG_WARN_NON_LITERAL_NULL_CONVERSION = YES;
				CLANG_WARN_OBJC_IMPLICIT_RETAIN_SELF = YES;
				CLANG_WARN_OBJC_LITERAL_CONVERSION = YES;
				CLANG_WARN_OBJC_ROOT_CLASS = YES_ERROR;
				CLANG_WARN_RANGE_LOOP_ANALYSIS = YES;
				CLANG_WARN_STRICT_PROTOTYPES = YES;
				CLANG_WARN_SUSPICIOUS_MOVE = YES;
				CLANG_WARN_UNGUARDED_AVAILABILITY = YES_AGGRESSIVE;
				CLANG_WARN_UNREACHABLE_CODE = YES;
				CLANG_WARN__DUPLICATE_METHOD_MATCH = YES;
				COPY_PHASE_STRIP = NO;
				DEBUG_INFORMATION_FORMAT = "dwarf-with-dsym";
				ENABLE_NS_ASSERTIONS = NO;
				ENABLE_STRICT_OBJC_MSGSEND = YES;
				GCC_C_LANGUAGE_STANDARD = gnu11;
				GCC_NO_COMMON_BLOCKS = YES;
				GCC_WARN_64_TO_32_BIT_CONVERSION = YES;
				GCC_WARN_ABOUT_RETURN_TYPE = YES_ERROR;
				GCC_WARN_UNDECLARED_SELECTOR = YES;
				GCC_WARN_UNINITIALIZED_AUTOS = YES_AGGRESSIVE;
				GCC_WARN_UNUSED_FUNCTION = YES;
				GCC_WARN_UNUSED_VARIABLE = YES;
				MACOSX_DEPLOYMENT_TARGET = 10.15;
				MTL_ENABLE_DEBUG_INFO = NO;
				MTL_FAST_MATH = YES;
				SDKROOT = macosx;
				SWIFT_COMPILATION_MODE = wholemodule;
				SWIFT_OPTIMIZATION_LEVEL = "-O";
			};
			name = Release;
		};
		3F072C75245EFE9000E9A74D /* Debug */ = {
			isa = XCBuildConfiguration;
			buildSettings = {
				ASSETCATALOG_COMPILER_APPICON_NAME = AppIcon;
				CODE_SIGN_ENTITLEMENTS = DownloadSwiftly/DownloadSwiftly.entitlements;
				CODE_SIGN_STYLE = Automatic;
				COMBINE_HIDPI_IMAGES = YES;
				DEVELOPMENT_ASSET_PATHS = "\"DownloadSwiftly/Preview Content\"";
				ENABLE_PREVIEWS = YES;
				INFOPLIST_FILE = DownloadSwiftly/Info.plist;
				LD_RUNPATH_SEARCH_PATHS = (
					"$(inherited)",
					"@executable_path/../Frameworks",
				);
				MACOSX_DEPLOYMENT_TARGET = 10.15;
				PRODUCT_BUNDLE_IDENTIFIER = com.rb.DownloadSwiftly;
				PRODUCT_NAME = "$(TARGET_NAME)";
				SWIFT_VERSION = 5.0;
			};
			name = Debug;
		};
		3F072C76245EFE9000E9A74D /* Release */ = {
			isa = XCBuildConfiguration;
			buildSettings = {
				ASSETCATALOG_COMPILER_APPICON_NAME = AppIcon;
				CODE_SIGN_ENTITLEMENTS = DownloadSwiftly/DownloadSwiftly.entitlements;
				CODE_SIGN_STYLE = Automatic;
				COMBINE_HIDPI_IMAGES = YES;
				DEVELOPMENT_ASSET_PATHS = "\"DownloadSwiftly/Preview Content\"";
				ENABLE_PREVIEWS = YES;
				INFOPLIST_FILE = DownloadSwiftly/Info.plist;
				LD_RUNPATH_SEARCH_PATHS = (
					"$(inherited)",
					"@executable_path/../Frameworks",
				);
				MACOSX_DEPLOYMENT_TARGET = 10.15;
				PRODUCT_BUNDLE_IDENTIFIER = com.rb.DownloadSwiftly;
				PRODUCT_NAME = "$(TARGET_NAME)";
				SWIFT_VERSION = 5.0;
			};
			name = Release;
		};
		3F072C78245EFE9000E9A74D /* Debug */ = {
			isa = XCBuildConfiguration;
			buildSettings = {
				ALWAYS_EMBED_SWIFT_STANDARD_LIBRARIES = YES;
				BUNDLE_LOADER = "$(TEST_HOST)";
				CODE_SIGN_STYLE = Automatic;
				COMBINE_HIDPI_IMAGES = YES;
				INFOPLIST_FILE = DownloadSwiftlyTests/Info.plist;
				LD_RUNPATH_SEARCH_PATHS = (
					"$(inherited)",
					"@executable_path/../Frameworks",
					"@loader_path/../Frameworks",
				);
				MACOSX_DEPLOYMENT_TARGET = 10.15;
				PRODUCT_BUNDLE_IDENTIFIER = com.rb.DownloadSwiftlyTests;
				PRODUCT_NAME = "$(TARGET_NAME)";
				SWIFT_VERSION = 5.0;
				TEST_HOST = "$(BUILT_PRODUCTS_DIR)/DownloadSwiftly.app/Contents/MacOS/DownloadSwiftly";
			};
			name = Debug;
		};
		3F072C79245EFE9000E9A74D /* Release */ = {
			isa = XCBuildConfiguration;
			buildSettings = {
				ALWAYS_EMBED_SWIFT_STANDARD_LIBRARIES = YES;
				BUNDLE_LOADER = "$(TEST_HOST)";
				CODE_SIGN_STYLE = Automatic;
				COMBINE_HIDPI_IMAGES = YES;
				INFOPLIST_FILE = DownloadSwiftlyTests/Info.plist;
				LD_RUNPATH_SEARCH_PATHS = (
					"$(inherited)",
					"@executable_path/../Frameworks",
					"@loader_path/../Frameworks",
				);
				MACOSX_DEPLOYMENT_TARGET = 10.15;
				PRODUCT_BUNDLE_IDENTIFIER = com.rb.DownloadSwiftlyTests;
				PRODUCT_NAME = "$(TARGET_NAME)";
				SWIFT_VERSION = 5.0;
				TEST_HOST = "$(BUILT_PRODUCTS_DIR)/DownloadSwiftly.app/Contents/MacOS/DownloadSwiftly";
			};
			name = Release;
		};
		3F072C7B245EFE9000E9A74D /* Debug */ = {
			isa = XCBuildConfiguration;
			buildSettings = {
				ALWAYS_EMBED_SWIFT_STANDARD_LIBRARIES = YES;
				CODE_SIGN_STYLE = Automatic;
				COMBINE_HIDPI_IMAGES = YES;
				INFOPLIST_FILE = DownloadSwiftlyUITests/Info.plist;
				LD_RUNPATH_SEARCH_PATHS = (
					"$(inherited)",
					"@executable_path/../Frameworks",
					"@loader_path/../Frameworks",
				);
				PRODUCT_BUNDLE_IDENTIFIER = com.rb.DownloadSwiftlyUITests;
				PRODUCT_NAME = "$(TARGET_NAME)";
				SWIFT_VERSION = 5.0;
				TEST_TARGET_NAME = DownloadSwiftly;
			};
			name = Debug;
		};
		3F072C7C245EFE9000E9A74D /* Release */ = {
			isa = XCBuildConfiguration;
			buildSettings = {
				ALWAYS_EMBED_SWIFT_STANDARD_LIBRARIES = YES;
				CODE_SIGN_STYLE = Automatic;
				COMBINE_HIDPI_IMAGES = YES;
				INFOPLIST_FILE = DownloadSwiftlyUITests/Info.plist;
				LD_RUNPATH_SEARCH_PATHS = (
					"$(inherited)",
					"@executable_path/../Frameworks",
					"@loader_path/../Frameworks",
				);
				PRODUCT_BUNDLE_IDENTIFIER = com.rb.DownloadSwiftlyUITests;
				PRODUCT_NAME = "$(TARGET_NAME)";
				SWIFT_VERSION = 5.0;
				TEST_TARGET_NAME = DownloadSwiftly;
			};
			name = Release;
		};
/* End XCBuildConfiguration section */

/* Begin XCConfigurationList section */
		3F072C46245EFE8C00E9A74D /* Build configuration list for PBXProject "DownloadSwiftly" */ = {
			isa = XCConfigurationList;
			buildConfigurations = (
				3F072C72245EFE9000E9A74D /* Debug */,
				3F072C73245EFE9000E9A74D /* Release */,
			);
			defaultConfigurationIsVisible = 0;
			defaultConfigurationName = Release;
		};
		3F072C74245EFE9000E9A74D /* Build configuration list for PBXNativeTarget "DownloadSwiftly" */ = {
			isa = XCConfigurationList;
			buildConfigurations = (
				3F072C75245EFE9000E9A74D /* Debug */,
				3F072C76245EFE9000E9A74D /* Release */,
			);
			defaultConfigurationIsVisible = 0;
			defaultConfigurationName = Release;
		};
		3F072C77245EFE9000E9A74D /* Build configuration list for PBXNativeTarget "DownloadSwiftlyTests" */ = {
			isa = XCConfigurationList;
			buildConfigurations = (
				3F072C78245EFE9000E9A74D /* Debug */,
				3F072C79245EFE9000E9A74D /* Release */,
			);
			defaultConfigurationIsVisible = 0;
			defaultConfigurationName = Release;
		};
		3F072C7A245EFE9000E9A74D /* Build configuration list for PBXNativeTarget "DownloadSwiftlyUITests" */ = {
			isa = XCConfigurationList;
			buildConfigurations = (
				3F072C7B245EFE9000E9A74D /* Debug */,
				3F072C7C245EFE9000E9A74D /* Release */,
			);
			defaultConfigurationIsVisible = 0;
			defaultConfigurationName = Release;
		};
/* End XCConfigurationList section */
	};
	rootObject = 3F072C43245EFE8C00E9A74D /* Project object */;
}
